
Microsoft Visual Studio Solution File, Format Version 12.00
# Visual Studio Version 16
VisualStudioVersion = 16.0.29418.71
MinimumVisualStudioVersion = 15.0.26124.0
Project("{9A19103F-16F7-4668-BE54-9A1E7A4F7556}") = "SnapperCodingChallenge.Core", "SnapperCodingChallenge.Core\SnapperCodingChallenge.Core.csproj", "{5C53E70C-9BB4-429F-AB03-3E8837BD4A17}"
EndProject
Project("{FAE04EC0-301F-11D3-BF4B-00C04F79EFBC}") = "SnapperCodingChallenge._Console", "SnapperCodingChallenge._Console\SnapperCodingChallenge._Console.csproj", "{7D8E4CE1-BB3F-4080-8662-2383071009C2}"
EndProject
Project("{FAE04EC0-301F-11D3-BF4B-00C04F79EFBC}") = "SnapperCodingChallenge.NUnit", "SnapperCodingChallenge.NUnit\SnapperCodingChallenge.NUnit.csproj", "{5B41636F-CCD8-4B6D-B9F4-78B0024E78BF}"
EndProject
Global
	GlobalSection(SolutionConfigurationPlatforms) = preSolution
		Debug|Any CPU = Debug|Any CPU
		Debug|x64 = Debug|x64
		Debug|x86 = Debug|x86
		Release|Any CPU = Release|Any CPU
		Release|x64 = Release|x64
		Release|x86 = Release|x86
	EndGlobalSection
	GlobalSection(ProjectConfigurationPlatforms) = postSolution
		{5C53E70C-9BB4-429F-AB03-3E8837BD4A17}.Debug|Any CPU.ActiveCfg = Debug|Any CPU
		{5C53E70C-9BB4-429F-AB03-3E8837BD4A17}.Debug|Any CPU.Build.0 = Debug|Any CPU
		{5C53E70C-9BB4-429F-AB03-3E8837BD4A17}.Debug|x64.ActiveCfg = Debug|Any CPU
		{5C53E70C-9BB4-429F-AB03-3E8837BD4A17}.Debug|x64.Build.0 = Debug|Any CPU
		{5C53E70C-9BB4-429F-AB03-3E8837BD4A17}.Debug|x86.ActiveCfg = Debug|Any CPU
		{5C53E70C-9BB4-429F-AB03-3E8837BD4A17}.Debug|x86.Build.0 = Debug|Any CPU
		{5C53E70C-9BB4-429F-AB03-3E8837BD4A17}.Release|Any CPU.ActiveCfg = Release|Any CPU
		{5C53E70C-9BB4-429F-AB03-3E8837BD4A17}.Release|Any CPU.Build.0 = Release|Any CPU
		{5C53E70C-9BB4-429F-AB03-3E8837BD4A17}.Release|x64.ActiveCfg = Release|Any CPU
		{5C53E70C-9BB4-429F-AB03-3E8837BD4A17}.Release|x64.Build.0 = Release|Any CPU
		{5C53E70C-9BB4-429F-AB03-3E8837BD4A17}.Release|x86.ActiveCfg = Release|Any CPU
		{5C53E70C-9BB4-429F-AB03-3E8837BD4A17}.Release|x86.Build.0 = Release|Any CPU
		{7D8E4CE1-BB3F-4080-8662-2383071009C2}.Debug|Any CPU.ActiveCfg = Debug|Any CPU
		{7D8E4CE1-BB3F-4080-8662-2383071009C2}.Debug|Any CPU.Build.0 = Debug|Any CPU
		{7D8E4CE1-BB3F-4080-8662-2383071009C2}.Debug|x64.ActiveCfg = Debug|Any CPU
		{7D8E4CE1-BB3F-4080-8662-2383071009C2}.Debug|x64.Build.0 = Debug|Any CPU
		{7D8E4CE1-BB3F-4080-8662-2383071009C2}.Debug|x86.ActiveCfg = Debug|Any CPU
		{7D8E4CE1-BB3F-4080-8662-2383071009C2}.Debug|x86.Build.0 = Debug|Any CPU
		{7D8E4CE1-BB3F-4080-8662-2383071009C2}.Release|Any CPU.ActiveCfg = Release|Any CPU
		{7D8E4CE1-BB3F-4080-8662-2383071009C2}.Release|Any CPU.Build.0 = Release|Any CPU
		{7D8E4CE1-BB3F-4080-8662-2383071009C2}.Release|x64.ActiveCfg = Release|Any CPU
		{7D8E4CE1-BB3F-4080-8662-2383071009C2}.Release|x64.Build.0 = Release|Any CPU
		{7D8E4CE1-BB3F-4080-8662-2383071009C2}.Release|x86.ActiveCfg = Release|Any CPU
		{7D8E4CE1-BB3F-4080-8662-2383071009C2}.Release|x86.Build.0 = Release|Any CPU
		{5B41636F-CCD8-4B6D-B9F4-78B0024E78BF}.Debug|Any CPU.ActiveCfg = Debug|Any CPU
		{5B41636F-CCD8-4B6D-B9F4-78B0024E78BF}.Debug|Any CPU.Build.0 = Debug|Any CPU
		{5B41636F-CCD8-4B6D-B9F4-78B0024E78BF}.Debug|x64.ActiveCfg = Debug|Any CPU
		{5B41636F-CCD8-4B6D-B9F4-78B0024E78BF}.Debug|x64.Build.0 = Debug|Any CPU
		{5B41636F-CCD8-4B6D-B9F4-78B0024E78BF}.Debug|x86.ActiveCfg = Debug|Any CPU
		{5B41636F-CCD8-4B6D-B9F4-78B0024E78BF}.Debug|x86.Build.0 = Debug|Any CPU
		{5B41636F-CCD8-4B6D-B9F4-78B0024E78BF}.Release|Any CPU.ActiveCfg = Release|Any CPU
		{5B41636F-CCD8-4B6D-B9F4-78B0024E78BF}.Release|Any CPU.Build.0 = Release|Any CPU
		{5B41636F-CCD8-4B6D-B9F4-78B0024E78BF}.Release|x64.ActiveCfg = Release|Any CPU
		{5B41636F-CCD8-4B6D-B9F4-78B0024E78BF}.Release|x64.Build.0 = Release|Any CPU
		{5B41636F-CCD8-4B6D-B9F4-78B0024E78BF}.Release|x86.ActiveCfg = Release|Any CPU
		{5B41636F-CCD8-4B6D-B9F4-78B0024E78BF}.Release|x86.Build.0 = Release|Any CPU
	EndGlobalSection
	GlobalSection(SolutionProperties) = preSolution
		HideSolutionNode = FALSE
	EndGlobalSection
	GlobalSection(ExtensibilityGlobals) = postSolution
		SolutionGuid = {FAC3342E-62BE-43CF-A3A7-202EE1BBA74D}
	EndGlobalSection
EndGlobal
